// !$*UTF8*$!
{
	archiveVersion = 1;
	classes = {
	};
	objectVersion = 56;
	objects = {

/* Begin PBXBuildFile section */
		F969AD4B29F9D17C00FFCFD1 /* BarcodeScannerApp.swift in Sources */ = {isa = PBXBuildFile; fileRef = F969AD4A29F9D17C00FFCFD1 /* BarcodeScannerApp.swift */; };
		F969AD4D29F9D17C00FFCFD1 /* BarcodeScannerView.swift in Sources */ = {isa = PBXBuildFile; fileRef = F969AD4C29F9D17C00FFCFD1 /* BarcodeScannerView.swift */; };
		F969AD4F29F9D17C00FFCFD1 /* Assets.xcassets in Resources */ = {isa = PBXBuildFile; fileRef = F969AD4E29F9D17C00FFCFD1 /* Assets.xcassets */; };
		F969AD5229F9D17C00FFCFD1 /* Preview Assets.xcassets in Resources */ = {isa = PBXBuildFile; fileRef = F969AD5129F9D17C00FFCFD1 /* Preview Assets.xcassets */; };
		F969AD5929F9D4BC00FFCFD1 /* ScannerVC.swift in Sources */ = {isa = PBXBuildFile; fileRef = F969AD5829F9D4BC00FFCFD1 /* ScannerVC.swift */; };
		F969AD5B29FA4B9A00FFCFD1 /* ScannerView.swift in Sources */ = {isa = PBXBuildFile; fileRef = F969AD5A29FA4B9A00FFCFD1 /* ScannerView.swift */; };
		F969AD5D29FA5AE200FFCFD1 /* Alert.swift in Sources */ = {isa = PBXBuildFile; fileRef = F969AD5C29FA5AE200FFCFD1 /* Alert.swift */; };
		F969AD5F29FA5B1000FFCFD1 /* BarcodeScannerViewModel.swift in Sources */ = {isa = PBXBuildFile; fileRef = F969AD5E29FA5B1000FFCFD1 /* BarcodeScannerViewModel.swift */; };
/* End PBXBuildFile section */

/* Begin PBXFileReference section */
		F969AD4729F9D17C00FFCFD1 /* BarcodeScanner.app */ = {isa = PBXFileReference; explicitFileType = wrapper.application; includeInIndex = 0; path = BarcodeScanner.app; sourceTree = BUILT_PRODUCTS_DIR; };
		F969AD4A29F9D17C00FFCFD1 /* BarcodeScannerApp.swift */ = {isa = PBXFileReference; lastKnownFileType = sourcecode.swift; path = BarcodeScannerApp.swift; sourceTree = "<group>"; };
		F969AD4C29F9D17C00FFCFD1 /* BarcodeScannerView.swift */ = {isa = PBXFileReference; lastKnownFileType = sourcecode.swift; path = BarcodeScannerView.swift; sourceTree = "<group>"; };
		F969AD4E29F9D17C00FFCFD1 /* Assets.xcassets */ = {isa = PBXFileReference; lastKnownFileType = folder.assetcatalog; path = Assets.xcassets; sourceTree = "<group>"; };
		F969AD5129F9D17C00FFCFD1 /* Preview Assets.xcassets */ = {isa = PBXFileReference; lastKnownFileType = folder.assetcatalog; path = "Preview Assets.xcassets"; sourceTree = "<group>"; };
		F969AD5829F9D4BC00FFCFD1 /* ScannerVC.swift */ = {isa = PBXFileReference; lastKnownFileType = sourcecode.swift; path = ScannerVC.swift; sourceTree = "<group>"; };
		F969AD5A29FA4B9A00FFCFD1 /* ScannerView.swift */ = {isa = PBXFileReference; lastKnownFileType = sourcecode.swift; path = ScannerView.swift; sourceTree = "<group>"; };
		F969AD5C29FA5AE200FFCFD1 /* Alert.swift */ = {isa = PBXFileReference; lastKnownFileType = sourcecode.swift; path = Alert.swift; sourceTree = "<group>"; };
		F969AD5E29FA5B1000FFCFD1 /* BarcodeScannerViewModel.swift */ = {isa = PBXFileReference; lastKnownFileType = sourcecode.swift; path = BarcodeScannerViewModel.swift; sourceTree = "<group>"; };
/* End PBXFileReference section */

/* Begin PBXFrameworksBuildPhase section */
		F969AD4429F9D17C00FFCFD1 /* Frameworks */ = {
			isa = PBXFrameworksBuildPhase;
			buildActionMask = 2147483647;
			files = (
			);
			runOnlyForDeploymentPostprocessing = 0;
		};
/* End PBXFrameworksBuildPhase section */

/* Begin PBXGroup section */
		F969AD3E29F9D17C00FFCFD1 = {
			isa = PBXGroup;
			children = (
				F969AD4929F9D17C00FFCFD1 /* BarcodeScanner */,
				F969AD4829F9D17C00FFCFD1 /* Products */,
			);
			sourceTree = "<group>";
		};
		F969AD4829F9D17C00FFCFD1 /* Products */ = {
			isa = PBXGroup;
			children = (
				F969AD4729F9D17C00FFCFD1 /* BarcodeScanner.app */,
			);
			name = Products;
			sourceTree = "<group>";
		};
		F969AD4929F9D17C00FFCFD1 /* BarcodeScanner */ = {
			isa = PBXGroup;
			children = (
				F969AD6529FA5C9A00FFCFD1 /* Utilities */,
				F969AD6229FA5C5C00FFCFD1 /* Views */,
				F969AD6029FA5C3300FFCFD1 /* Screens */,
				F969AD4A29F9D17C00FFCFD1 /* BarcodeScannerApp.swift */,
				F969AD4E29F9D17C00FFCFD1 /* Assets.xcassets */,
				F969AD5029F9D17C00FFCFD1 /* Preview Content */,
			);
			path = BarcodeScanner;
			sourceTree = "<group>";
		};
		F969AD5029F9D17C00FFCFD1 /* Preview Content */ = {
			isa = PBXGroup;
			children = (
				F969AD5129F9D17C00FFCFD1 /* Preview Assets.xcassets */,
			);
			path = "Preview Content";
			sourceTree = "<group>";
		};
		F969AD6029FA5C3300FFCFD1 /* Screens */ = {
			isa = PBXGroup;
			children = (
				F969AD6129FA5C4100FFCFD1 /* BarcodeScanner */,
			);
			path = Screens;
			sourceTree = "<group>";
		};
		F969AD6129FA5C4100FFCFD1 /* BarcodeScanner */ = {
			isa = PBXGroup;
			children = (
				F969AD5E29FA5B1000FFCFD1 /* BarcodeScannerViewModel.swift */,
				F969AD4C29F9D17C00FFCFD1 /* BarcodeScannerView.swift */,
			);
			path = BarcodeScanner;
			sourceTree = "<group>";
		};
		F969AD6229FA5C5C00FFCFD1 /* Views */ = {
			isa = PBXGroup;
			children = (
				F969AD6429FA5C7A00FFCFD1 /* UIKit Components */,
			);
			path = Views;
			sourceTree = "<group>";
		};
		F969AD6429FA5C7A00FFCFD1 /* UIKit Components */ = {
			isa = PBXGroup;
			children = (
				F969AD5829F9D4BC00FFCFD1 /* ScannerVC.swift */,
				F969AD5A29FA4B9A00FFCFD1 /* ScannerView.swift */,
			);
			path = "UIKit Components";
			sourceTree = "<group>";
		};
		F969AD6529FA5C9A00FFCFD1 /* Utilities */ = {
			isa = PBXGroup;
			children = (
				F969AD5C29FA5AE200FFCFD1 /* Alert.swift */,
			);
			path = Utilities;
			sourceTree = "<group>";
		};
/* End PBXGroup section */

/* Begin PBXNativeTarget section */
		F969AD4629F9D17C00FFCFD1 /* BarcodeScanner */ = {
			isa = PBXNativeTarget;
			buildConfigurationList = F969AD5529F9D17C00FFCFD1 /* Build configuration list for PBXNativeTarget "BarcodeScanner" */;
			buildPhases = (
				F969AD4329F9D17C00FFCFD1 /* Sources */,
				F969AD4429F9D17C00FFCFD1 /* Frameworks */,
				F969AD4529F9D17C00FFCFD1 /* Resources */,
			);
			buildRules = (
			);
			dependencies = (
			);
			name = BarcodeScanner;
			productName = BarcodeScanner;
			productReference = F969AD4729F9D17C00FFCFD1 /* BarcodeScanner.app */;
			productType = "com.apple.product-type.application";
		};
/* End PBXNativeTarget section */

/* Begin PBXProject section */
		F969AD3F29F9D17C00FFCFD1 /* Project object */ = {
			isa = PBXProject;
			attributes = {
				BuildIndependentTargetsInParallel = 1;
				LastSwiftUpdateCheck = 1430;
				LastUpgradeCheck = 1430;
				TargetAttributes = {
					F969AD4629F9D17C00FFCFD1 = {
						CreatedOnToolsVersion = 14.3;
					};
				};
			};
			buildConfigurationList = F969AD4229F9D17C00FFCFD1 /* Build configuration list for PBXProject "BarcodeScanner" */;
			compatibilityVersion = "Xcode 14.0";
			developmentRegion = en;
			hasScannedForEncodings = 0;
			knownRegions = (
				en,
				Base,
			);
			mainGroup = F969AD3E29F9D17C00FFCFD1;
			productRefGroup = F969AD4829F9D17C00FFCFD1 /* Products */;
			projectDirPath = "";
			projectRoot = "";
			targets = (
				F969AD4629F9D17C00FFCFD1 /* BarcodeScanner */,
			);
		};
/* End PBXProject section */

/* Begin PBXResourcesBuildPhase section */
		F969AD4529F9D17C00FFCFD1 /* Resources */ = {
			isa = PBXResourcesBuildPhase;
			buildActionMask = 2147483647;
			files = (
				F969AD5229F9D17C00FFCFD1 /* Preview Assets.xcassets in Resources */,
				F969AD4F29F9D17C00FFCFD1 /* Assets.xcassets in Resources */,
			);
			runOnlyForDeploymentPostprocessing = 0;
		};
/* End PBXResourcesBuildPhase section */

/* Begin PBXSourcesBuildPhase section */
		F969AD4329F9D17C00FFCFD1 /* Sources */ = {
			isa = PBXSourcesBuildPhase;
			buildActionMask = 2147483647;
			files = (
				F969AD5F29FA5B1000FFCFD1 /* BarcodeScannerViewModel.swift in Sources */,
				F969AD5929F9D4BC00FFCFD1 /* ScannerVC.swift in Sources */,
				F969AD5B29FA4B9A00FFCFD1 /* ScannerView.swift in Sources */,
				F969AD4D29F9D17C00FFCFD1 /* BarcodeScannerView.swift in Sources */,
				F969AD5D29FA5AE200FFCFD1 /* Alert.swift in Sources */,
				F969AD4B29F9D17C00FFCFD1 /* BarcodeScannerApp.swift in Sources */,
			);
			runOnlyForDeploymentPostprocessing = 0;
		};
/* End PBXSourcesBuildPhase section */

/* Begin XCBuildConfiguration section */
		F969AD5329F9D17C00FFCFD1 /* Debug */ = {
			isa = XCBuildConfiguration;
			buildSettings = {
				ALWAYS_SEARCH_USER_PATHS = NO;
				CLANG_ANALYZER_NONNULL = YES;
				CLANG_ANALYZER_NUMBER_OBJECT_CONVERSION = YES_AGGRESSIVE;
				CLANG_CXX_LANGUAGE_STANDARD = "gnu++20";
				CLANG_ENABLE_MODULES = YES;
				CLANG_ENABLE_OBJC_ARC = YES;
				CLANG_ENABLE_OBJC_WEAK = YES;
				CLANG_WARN_BLOCK_CAPTURE_AUTORELEASING = YES;
				CLANG_WARN_BOOL_CONVERSION = YES;
				CLANG_WARN_COMMA = YES;
				CLANG_WARN_CONSTANT_CONVERSION = YES;
				CLANG_WARN_DEPRECATED_OBJC_IMPLEMENTATIONS = YES;
				CLANG_WARN_DIRECT_OBJC_ISA_USAGE = YES_ERROR;
				CLANG_WARN_DOCUMENTATION_COMMENTS = YES;
				CLANG_WARN_EMPTY_BODY = YES;
				CLANG_WARN_ENUM_CONVERSION = YES;
				CLANG_WARN_INFINITE_RECURSION = YES;
				CLANG_WARN_INT_CONVERSION = YES;
				CLANG_WARN_NON_LITERAL_NULL_CONVERSION = YES;
				CLANG_WARN_OBJC_IMPLICIT_RETAIN_SELF = YES;
				CLANG_WARN_OBJC_LITERAL_CONVERSION = YES;
				CLANG_WARN_OBJC_ROOT_CLASS = YES_ERROR;
				CLANG_WARN_QUOTED_INCLUDE_IN_FRAMEWORK_HEADER = YES;
				CLANG_WARN_RANGE_LOOP_ANALYSIS = YES;
				CLANG_WARN_STRICT_PROTOTYPES = YES;
				CLANG_WARN_SUSPICIOUS_MOVE = YES;
				CLANG_WARN_UNGUARDED_AVAILABILITY = YES_AGGRESSIVE;
				CLANG_WARN_UNREACHABLE_CODE = YES;
				CLANG_WARN__DUPLICATE_METHOD_MATCH = YES;
				COPY_PHASE_STRIP = NO;
				DEBUG_INFORMATION_FORMAT = dwarf;
				ENABLE_STRICT_OBJC_MSGSEND = YES;
				ENABLE_TESTABILITY = YES;
				GCC_C_LANGUAGE_STANDARD = gnu11;
				GCC_DYNAMIC_NO_PIC = NO;
				GCC_NO_COMMON_BLOCKS = YES;
				GCC_OPTIMIZATION_LEVEL = 0;
				GCC_PREPROCESSOR_DEFINITIONS = (
					"DEBUG=1",
					"$(inherited)",
				);
				GCC_WARN_64_TO_32_BIT_CONVERSION = YES;
				GCC_WARN_ABOUT_RETURN_TYPE = YES_ERROR;
				GCC_WARN_UNDECLARED_SELECTOR = YES;
				GCC_WARN_UNINITIALIZED_AUTOS = YES_AGGRESSIVE;
				GCC_WARN_UNUSED_FUNCTION = YES;
				GCC_WARN_UNUSED_VARIABLE = YES;
				IPHONEOS_DEPLOYMENT_TARGET = 14.0;
				MTL_ENABLE_DEBUG_INFO = INCLUDE_SOURCE;
				MTL_FAST_MATH = YES;
				ONLY_ACTIVE_ARCH = YES;
				SDKROOT = iphoneos;
				SWIFT_ACTIVE_COMPILATION_CONDITIONS = DEBUG;
				SWIFT_OPTIMIZATION_LEVEL = "-Onone";
			};
			name = Debug;
		};
		F969AD5429F9D17C00FFCFD1 /* Release */ = {
			isa = XCBuildConfiguration;
			buildSettings = {
				ALWAYS_SEARCH_USER_PATHS = NO;
				CLANG_ANALYZER_NONNULL = YES;
				CLANG_ANALYZER_NUMBER_OBJECT_CONVERSION = YES_AGGRESSIVE;
				CLANG_CXX_LANGUAGE_STANDARD = "gnu++20";
				CLANG_ENABLE_MODULES = YES;
				CLANG_ENABLE_OBJC_ARC = YES;
				CLANG_ENABLE_OBJC_WEAK = YES;
				CLANG_WARN_BLOCK_CAPTURE_AUTORELEASING = YES;
				CLANG_WARN_BOOL_CONVERSION = YES;
				CLANG_WARN_COMMA = YES;
				CLANG_WARN_CONSTANT_CONVERSION = YES;
				CLANG_WARN_DEPRECATED_OBJC_IMPLEMENTATIONS = YES;
				CLANG_WARN_DIRECT_OBJC_ISA_USAGE = YES_ERROR;
				CLANG_WARN_DOCUMENTATION_COMMENTS = YES;
				CLANG_WARN_EMPTY_BODY = YES;
				CLANG_WARN_ENUM_CONVERSION = YES;
				CLANG_WARN_INFINITE_RECURSION = YES;
				CLANG_WARN_INT_CONVERSION = YES;
				CLANG_WARN_NON_LITERAL_NULL_CONVERSION = YES;
				CLANG_WARN_OBJC_IMPLICIT_RETAIN_SELF = YES;
				CLANG_WARN_OBJC_LITERAL_CONVERSION = YES;
				CLANG_WARN_OBJC_ROOT_CLASS = YES_ERROR;
				CLANG_WARN_QUOTED_INCLUDE_IN_FRAMEWORK_HEADER = YES;
				CLANG_WARN_RANGE_LOOP_ANALYSIS = YES;
				CLANG_WARN_STRICT_PROTOTYPES = YES;
				CLANG_WARN_SUSPICIOUS_MOVE = YES;
				CLANG_WARN_UNGUARDED_AVAILABILITY = YES_AGGRESSIVE;
				CLANG_WARN_UNREACHABLE_CODE = YES;
				CLANG_WARN__DUPLICATE_METHOD_MATCH = YES;
				COPY_PHASE_STRIP = NO;
				DEBUG_INFORMATION_FORMAT = "dwarf-with-dsym";
				ENABLE_NS_ASSERTIONS = NO;
				ENABLE_STRICT_OBJC_MSGSEND = YES;
				GCC_C_LANGUAGE_STANDARD = gnu11;
				GCC_NO_COMMON_BLOCKS = YES;
				GCC_WARN_64_TO_32_BIT_CONVERSION = YES;
				GCC_WARN_ABOUT_RETURN_TYPE = YES_ERROR;
				GCC_WARN_UNDECLARED_SELECTOR = YES;
				GCC_WARN_UNINITIALIZED_AUTOS = YES_AGGRESSIVE;
				GCC_WARN_UNUSED_FUNCTION = YES;
				GCC_WARN_UNUSED_VARIABLE = YES;
				IPHONEOS_DEPLOYMENT_TARGET = 14.0;
				MTL_ENABLE_DEBUG_INFO = NO;
				MTL_FAST_MATH = YES;
				SDKROOT = iphoneos;
				SWIFT_COMPILATION_MODE = wholemodule;
				SWIFT_OPTIMIZATION_LEVEL = "-O";
				VALIDATE_PRODUCT = YES;
			};
			name = Release;
		};
		F969AD5629F9D17C00FFCFD1 /* Debug */ = {
			isa = XCBuildConfiguration;
			buildSettings = {
				ASSETCATALOG_COMPILER_APPICON_NAME = AppIcon;
				ASSETCATALOG_COMPILER_GLOBAL_ACCENT_COLOR_NAME = AccentColor;
				CODE_SIGN_STYLE = Automatic;
				CURRENT_PROJECT_VERSION = 1;
				DEVELOPMENT_ASSET_PATHS = "\"BarcodeScanner/Preview Content\"";
				DEVELOPMENT_TEAM = 4UKW9GMJPD;
				ENABLE_PREVIEWS = YES;
				GENERATE_INFOPLIST_FILE = YES;
				INFOPLIST_KEY_NSCameraUsageDescription = "We need to use the camera to scan barcodes";
				INFOPLIST_KEY_UIApplicationSceneManifest_Generation = YES;
				INFOPLIST_KEY_UIApplicationSupportsIndirectInputEvents = YES;
				INFOPLIST_KEY_UILaunchScreen_Generation = YES;
				INFOPLIST_KEY_UISupportedInterfaceOrientations_iPad = "UIInterfaceOrientationPortrait UIInterfaceOrientationPortraitUpsideDown UIInterfaceOrientationLandscapeLeft UIInterfaceOrientationLandscapeRight";
				INFOPLIST_KEY_UISupportedInterfaceOrientations_iPhone = "UIInterfaceOrientationPortrait UIInterfaceOrientationLandscapeLeft UIInterfaceOrientationLandscapeRight";
				IPHONEOS_DEPLOYMENT_TARGET = 14.0;
				LD_RUNPATH_SEARCH_PATHS = (
					"$(inherited)",
					"@executable_path/Frameworks",
				);
				MARKETING_VERSION = 1.0;
				PRODUCT_BUNDLE_IDENTIFIER = co.jasmanarora.BarcodeScanner;
				PRODUCT_NAME = "$(TARGET_NAME)";
				SUPPORTED_PLATFORMS = "iphoneos iphonesimulator";
				SUPPORTS_MACCATALYST = NO;
				SUPPORTS_MAC_DESIGNED_FOR_IPHONE_IPAD = NO;
				SWIFT_EMIT_LOC_STRINGS = YES;
				SWIFT_VERSION = 5.0;
				TARGETED_DEVICE_FAMILY = 1;
			};
			name = Debug;
		};
		F969AD5729F9D17C00FFCFD1 /* Release */ = {
			isa = XCBuildConfiguration;
			buildSettings = {
				ASSETCATALOG_COMPILER_APPICON_NAME = AppIcon;
				ASSETCATALOG_COMPILER_GLOBAL_ACCENT_COLOR_NAME = AccentColor;
				CODE_SIGN_STYLE = Automatic;
				CURRENT_PROJECT_VERSION = 1;
				DEVELOPMENT_ASSET_PATHS = "\"BarcodeScanner/Preview Content\"";
				DEVELOPMENT_TEAM = 4UKW9GMJPD;
				ENABLE_PREVIEWS = YES;
				GENERATE_INFOPLIST_FILE = YES;
				INFOPLIST_KEY_NSCameraUsageDescription = "We need to use the camera to scan barcodes";
				INFOPLIST_KEY_UIApplicationSceneManifest_Generation = YES;
				INFOPLIST_KEY_UIApplicationSupportsIndirectInputEvents = YES;
				INFOPLIST_KEY_UILaunchScreen_Generation = YES;
				INFOPLIST_KEY_UISupportedInterfaceOrientations_iPad = "UIInterfaceOrientationPortrait UIInterfaceOrientationPortraitUpsideDown UIInterfaceOrientationLandscapeLeft UIInterfaceOrientationLandscapeRight";
				INFOPLIST_KEY_UISupportedInterfaceOrientations_iPhone = "UIInterfaceOrientationPortrait UIInterfaceOrientationLandscapeLeft UIInterfaceOrientationLandscapeRight";
				IPHONEOS_DEPLOYMENT_TARGET = 14.0;
				LD_RUNPATH_SEARCH_PATHS = (
					"$(inherited)",
					"@executable_path/Frameworks",
				);
				MARKETING_VERSION = 1.0;
				PRODUCT_BUNDLE_IDENTIFIER = co.jasmanarora.BarcodeScanner;
				PRODUCT_NAME = "$(TARGET_NAME)";
				SUPPORTED_PLATFORMS = "iphoneos iphonesimulator";
				SUPPORTS_MACCATALYST = NO;
				SUPPORTS_MAC_DESIGNED_FOR_IPHONE_IPAD = NO;
				SWIFT_EMIT_LOC_STRINGS = YES;
				SWIFT_VERSION = 5.0;
				TARGETED_DEVICE_FAMILY = 1;
			};
			name = Release;
		};
/* End XCBuildConfiguration section */

/* Begin XCConfigurationList section */
		F969AD4229F9D17C00FFCFD1 /* Build configuration list for PBXProject "BarcodeScanner" */ = {
			isa = XCConfigurationList;
			buildConfigurations = (
				F969AD5329F9D17C00FFCFD1 /* Debug */,
				F969AD5429F9D17C00FFCFD1 /* Release */,
			);
			defaultConfigurationIsVisible = 0;
			defaultConfigurationName = Release;
		};
		F969AD5529F9D17C00FFCFD1 /* Build configuration list for PBXNativeTarget "BarcodeScanner" */ = {
			isa = XCConfigurationList;
			buildConfigurations = (
				F969AD5629F9D17C00FFCFD1 /* Debug */,
				F969AD5729F9D17C00FFCFD1 /* Release */,
			);
			defaultConfigurationIsVisible = 0;
			defaultConfigurationName = Release;
		};
/* End XCConfigurationList section */
	};
	rootObject = F969AD3F29F9D17C00FFCFD1 /* Project object */;
}
